
Microsoft Visual Studio Solution File, Format Version 12.00
# Visual Studio Version 16
VisualStudioVersion = 16.0.29418.71
MinimumVisualStudioVersion = 10.0.40219.1
Project("{9A19103F-16F7-4668-BE54-9A1E7A4F7556}") = "Assignment4", "Assignment4\Assignment4.csproj", "{EFDC8A81-8033-42CC-8E86-D09C66FD1653}"
EndProject
Project("{9A19103F-16F7-4668-BE54-9A1E7A4F7556}") = "Assignment4.Tests", "Assignment4.Tests\Assignment4.Tests.csproj", "{20CA414F-255F-4635-A166-3816CFD33340}"
EndProject
Project("{FAE04EC0-301F-11D3-BF4B-00C04F79EFBC}") = "WebApi", "WebApi\WebApi.csproj", "{A0BD2C05-F432-4650-8C2D-EC10A1EA6297}"
EndProject
Global
	GlobalSection(SolutionConfigurationPlatforms) = preSolution
		Debug|Any CPU = Debug|Any CPU
		Release|Any CPU = Release|Any CPU
	EndGlobalSection
	GlobalSection(ProjectConfigurationPlatforms) = postSolution
		{EFDC8A81-8033-42CC-8E86-D09C66FD1653}.Debug|Any CPU.ActiveCfg = Debug|Any CPU
		{EFDC8A81-8033-42CC-8E86-D09C66FD1653}.Debug|Any CPU.Build.0 = Debug|Any CPU
		{EFDC8A81-8033-42CC-8E86-D09C66FD1653}.Release|Any CPU.ActiveCfg = Release|Any CPU
		{EFDC8A81-8033-42CC-8E86-D09C66FD1653}.Release|Any CPU.Build.0 = Release|Any CPU
		{20CA414F-255F-4635-A166-3816CFD33340}.Debug|Any CPU.ActiveCfg = Debug|Any CPU
		{20CA414F-255F-4635-A166-3816CFD33340}.Debug|Any CPU.Build.0 = Debug|Any CPU
		{20CA414F-255F-4635-A166-3816CFD33340}.Release|Any CPU.ActiveCfg = Release|Any CPU
		{20CA414F-255F-4635-A166-3816CFD33340}.Release|Any CPU.Build.0 = Release|Any CPU
		{A0BD2C05-F432-4650-8C2D-EC10A1EA6297}.Debug|Any CPU.ActiveCfg = Debug|Any CPU
		{A0BD2C05-F432-4650-8C2D-EC10A1EA6297}.Debug|Any CPU.Build.0 = Debug|Any CPU
		{A0BD2C05-F432-4650-8C2D-EC10A1EA6297}.Release|Any CPU.ActiveCfg = Release|Any CPU
		{A0BD2C05-F432-4650-8C2D-EC10A1EA6297}.Release|Any CPU.Build.0 = Release|Any CPU
	EndGlobalSection
	GlobalSection(SolutionProperties) = preSolution
		HideSolutionNode = FALSE
	EndGlobalSection
	GlobalSection(ExtensibilityGlobals) = postSolution
		SolutionGuid = {A1E2CF41-87E3-42C6-BB7D-0D831D90C000}
	EndGlobalSection
EndGlobal
